Microsoft Visual Studio Solution File, Format Version 12.00
# Visual Studio Version 17
VisualStudioVersion = 17.5.2.0
MinimumVisualStudioVersion = 10.0.40219.1
Project("{FAE04EC0-301F-11D3-BF4B-00C04F79EFBC}") = "mail-trap", "mail-trap.csproj", "{36FB500D-9865-67A1-04E6-907784D228D5}"
EndProject
Global
	GlobalSection(SolutionConfigurationPlatforms) = preSolution
		Debug|Any CPU = Debug|Any CPU
		Release|Any CPU = Release|Any CPU
	EndGlobalSection
	GlobalSection(ProjectConfigurationPlatforms) = postSolution
		{36FB500D-9865-67A1-04E6-907784D228D5}.Debug|Any CPU.ActiveCfg = Debug|Any CPU
		{36FB500D-9865-67A1-04E6-907784D228D5}.Debug|Any CPU.Build.0 = Debug|Any CPU
		{36FB500D-9865-67A1-04E6-907784D228D5}.Release|Any CPU.ActiveCfg = Release|Any CPU
		{36FB500D-9865-67A1-04E6-907784D228D5}.Release|Any CPU.Build.0 = Release|Any CPU
	EndGlobalSection
	GlobalSection(SolutionProperties) = preSolution
		HideSolutionNode = FALSE
	EndGlobalSection
	GlobalSection(ExtensibilityGlobals) = postSolution
		SolutionGuid = {076AC802-E1FE-496B-8FE4-945219427C5D}
	EndGlobalSection
EndGlobal
